# THIS IS AN AUTOGENERATED FILE. DO NOT EDIT THIS FILE DIRECTLY.
# yarn lockfile v1


dayjs@^1.10.7:
  version "1.11.7"
  resolved "https://registry.yarnpkg.com/dayjs/-/dayjs-1.11.7.tgz#4b296922642f70999544d1144a2c25730fce63e2"
  integrity sha512-+Yw9U6YO5TQohxLcIkrXBeY73WP3ejHWVvx8XCk3gxvQDCTEmS48ZrSZCKciI7Bhl/uCMyxYtE9UqRILmFphkQ==

tdesign-miniprogram@^0.31.0:
  version "0.31.0"
  resolved "https://registry.yarnpkg.com/tdesign-miniprogram/-/tdesign-miniprogram-0.31.0.tgz#24d8450093e8671d735e5e7cefdf438237586daa"
  integrity sha512-DblLMdByCoYQCyMPTNokyxK4VR5Mq+WWKXCAYSuM4mQrPqNIFuuKAGlD/BmYbuyF+FulkZUWasYw6dGYMZiLmg==
  dependencies:
    dayjs "^1.10.7"
